
Microsoft Visual Studio Solution File, Format Version 12.00
# Visual Studio Version 17
VisualStudioVersion = 17.1.32210.238
MinimumVisualStudioVersion = 10.0.40219.1
Project("{9A19103F-16F7-4668-BE54-9A1E7A4F7556}") = "MastermindCore", "MastermindCore\MastermindCore.csproj", "{95B7C4F5-FE2C-430B-A7DE-1D41AABE9CF6}"
EndProject
Project("{9A19103F-16F7-4668-BE54-9A1E7A4F7556}") = "MastermindConsole", "MastermindConsole\MastermindConsole.csproj", "{AEF5D791-5603-444A-8B2B-2FCD51FEC313}"
EndProject
Project("{9A19103F-16F7-4668-BE54-9A1E7A4F7556}") = "MestermindTest", "MestermindTest\MestermindTest.csproj", "{46DEC634-300F-4C5E-8414-CB8EECBF8E1D}"
EndProject
Project("{FAE04EC0-301F-11D3-BF4B-00C04F79EFBC}") = "MastermindWeb", "MastermindWeb\MastermindWeb.csproj", "{2EA87BCC-DE77-4A08-B09B-357721204180}"
EndProject
Global
	GlobalSection(SolutionConfigurationPlatforms) = preSolution
		Debug|Any CPU = Debug|Any CPU
		Release|Any CPU = Release|Any CPU
	EndGlobalSection
	GlobalSection(ProjectConfigurationPlatforms) = postSolution
		{95B7C4F5-FE2C-430B-A7DE-1D41AABE9CF6}.Debug|Any CPU.ActiveCfg = Debug|Any CPU
		{95B7C4F5-FE2C-430B-A7DE-1D41AABE9CF6}.Debug|Any CPU.Build.0 = Debug|Any CPU
		{95B7C4F5-FE2C-430B-A7DE-1D41AABE9CF6}.Release|Any CPU.ActiveCfg = Release|Any CPU
		{95B7C4F5-FE2C-430B-A7DE-1D41AABE9CF6}.Release|Any CPU.Build.0 = Release|Any CPU
		{AEF5D791-5603-444A-8B2B-2FCD51FEC313}.Debug|Any CPU.ActiveCfg = Debug|Any CPU
		{AEF5D791-5603-444A-8B2B-2FCD51FEC313}.Debug|Any CPU.Build.0 = Debug|Any CPU
		{AEF5D791-5603-444A-8B2B-2FCD51FEC313}.Release|Any CPU.ActiveCfg = Release|Any CPU
		{AEF5D791-5603-444A-8B2B-2FCD51FEC313}.Release|Any CPU.Build.0 = Release|Any CPU
		{46DEC634-300F-4C5E-8414-CB8EECBF8E1D}.Debug|Any CPU.ActiveCfg = Debug|Any CPU
		{46DEC634-300F-4C5E-8414-CB8EECBF8E1D}.Debug|Any CPU.Build.0 = Debug|Any CPU
		{46DEC634-300F-4C5E-8414-CB8EECBF8E1D}.Release|Any CPU.ActiveCfg = Release|Any CPU
		{46DEC634-300F-4C5E-8414-CB8EECBF8E1D}.Release|Any CPU.Build.0 = Release|Any CPU
		{2EA87BCC-DE77-4A08-B09B-357721204180}.Debug|Any CPU.ActiveCfg = Debug|Any CPU
		{2EA87BCC-DE77-4A08-B09B-357721204180}.Debug|Any CPU.Build.0 = Debug|Any CPU
		{2EA87BCC-DE77-4A08-B09B-357721204180}.Release|Any CPU.ActiveCfg = Release|Any CPU
		{2EA87BCC-DE77-4A08-B09B-357721204180}.Release|Any CPU.Build.0 = Release|Any CPU
	EndGlobalSection
	GlobalSection(SolutionProperties) = preSolution
		HideSolutionNode = FALSE
	EndGlobalSection
	GlobalSection(ExtensibilityGlobals) = postSolution
		SolutionGuid = {42FA99ED-428A-4DD1-BD53-9289C990C1D1}
	EndGlobalSection
EndGlobal
